
Microsoft Visual Studio Solution File, Format Version 12.00
# Visual Studio 15
VisualStudioVersion = 15.0.28010.2048
MinimumVisualStudioVersion = 10.0.40219.1
Project("{FAE04EC0-301F-11D3-BF4B-00C04F79EFBC}") = "BTreePOC", "BTreePOC.csproj", "{C01C39E2-E05F-47DF-8013-523E41E1E599}"
EndProject
Global
	GlobalSection(SolutionConfigurationPlatforms) = preSolution
		Debug|Any CPU = Debug|Any CPU
		Release|Any CPU = Release|Any CPU
	EndGlobalSection
	GlobalSection(ProjectConfigurationPlatforms) = postSolution
		{C01C39E2-E05F-47DF-8013-523E41E1E599}.Debug|Any CPU.ActiveCfg = Debug|Any CPU
		{C01C39E2-E05F-47DF-8013-523E41E1E599}.Debug|Any CPU.Build.0 = Debug|Any CPU
		{C01C39E2-E05F-47DF-8013-523E41E1E599}.Release|Any CPU.ActiveCfg = Release|Any CPU
		{C01C39E2-E05F-47DF-8013-523E41E1E599}.Release|Any CPU.Build.0 = Release|Any CPU
	EndGlobalSection
	GlobalSection(SolutionProperties) = preSolution
		HideSolutionNode = FALSE
	EndGlobalSection
	GlobalSection(ExtensibilityGlobals) = postSolution
		SolutionGuid = {32219AC9-AE2E-4223-91F8-778BFC7FEFBF}
	EndGlobalSection
EndGlobal
